
Microsoft Visual Studio Solution File, Format Version 12.00
# Visual Studio 15
VisualStudioVersion = 15.0.28307.902
MinimumVisualStudioVersion = 10.0.40219.1
Project("{FAE04EC0-301F-11D3-BF4B-00C04F79EFBC}") = "EmployeeServiceDemo", "EmployeeServiceDemo\EmployeeServiceDemo.csproj", "{6E5E6A96-2B62-49CF-90F0-07444FD13E1C}"
EndProject
Global
	GlobalSection(SolutionConfigurationPlatforms) = preSolution
		Debug|Any CPU = Debug|Any CPU
		Release|Any CPU = Release|Any CPU
	EndGlobalSection
	GlobalSection(ProjectConfigurationPlatforms) = postSolution
		{6E5E6A96-2B62-49CF-90F0-07444FD13E1C}.Debug|Any CPU.ActiveCfg = Debug|Any CPU
		{6E5E6A96-2B62-49CF-90F0-07444FD13E1C}.Debug|Any CPU.Build.0 = Debug|Any CPU
		{6E5E6A96-2B62-49CF-90F0-07444FD13E1C}.Release|Any CPU.ActiveCfg = Release|Any CPU
		{6E5E6A96-2B62-49CF-90F0-07444FD13E1C}.Release|Any CPU.Build.0 = Release|Any CPU
	EndGlobalSection
	GlobalSection(SolutionProperties) = preSolution
		HideSolutionNode = FALSE
	EndGlobalSection
	GlobalSection(ExtensibilityGlobals) = postSolution
		SolutionGuid = {9D2BB80A-6B74-4EC9-9B36-2C227E59C81C}
	EndGlobalSection
EndGlobal
